{"SurveyEntry":{"SurveyID":"SV_39lltZt665L86Gh","SurveyName":"2. Between subjects with balancing","SurveyDescription":null,"SurveyOwnerID":"UR_aibMqiB7Sj1juhT","SurveyBrandID":"tilburgss","DivisionID":null,"SurveyLanguage":"EN","SurveyActiveResponseSet":"RS_50WRrtMW7Oh5kd7","SurveyStatus":"Inactive","SurveyStartDate":"0000-00-00 00:00:00","SurveyExpirationDate":"0000-00-00 00:00:00","SurveyCreationDate":"2020-03-17 02:17:08","CreatorID":"UR_aibMqiB7Sj1juhT","LastModified":"2020-08-13 03:43:36","LastAccessed":"0000-00-00 00:00:00","LastActivated":"0000-00-00 00:00:00","Deleted":null},"SurveyElements":[{"SurveyID":"SV_39lltZt665L86Gh","Element":"BL","PrimaryAttribute":"Survey Blocks","SecondaryAttribute":null,"TertiaryAttribute":null,"Payload":[{"Type":"Default","Description":"Group 1","ID":"BL_3JZqGjZRCmw0XA1","BlockElements":[{"Type":"Question","QuestionID":"QID3"}],"Options":{"BlockLocking":"false","RandomizeQuestions":"false","BlockVisibility":"Expanded"}},{"Type":"Trash","Description":"Trash \/ Unused Questions","ID":"BL_b7sPVYcuVatpZop","BlockElements":[{"Type":"Question","QuestionID":"QID6"},{"Type":"Question","QuestionID":"QID5"}],"Options":{"BlockLocking":"false","RandomizeQuestions":"false","BlockVisibility":"Expanded"}},{"Type":"Standard","SubType":"","Description":"Group 2","ID":"BL_869Iir3oTfkiSah","BlockElements":[{"Type":"Question","QuestionID":"QID4"}]}]},{"SurveyID":"SV_39lltZt665L86Gh","Element":"FL","PrimaryAttribute":"Survey Flow","SecondaryAttribute":null,"TertiaryAttribute":null,"Payload":{"Type":"Root","FlowID":"FL_1","Flow":[{"Type":"WebService","FlowID":"FL_6","URL":"http:\/\/78.47.130.66:8080\/getaction\/3c9d80a4a0","Method":"GET","RequestParams":[{"key":"key","value":"3bcde858f6"}],"EditBodyParams":[],"Body":[],"ContentType":"application\/x-www-form-urlencoded","Headers":[],"ResponseMap":[{"key":"action.treatment","value":"action.treatment"}],"FireAndForget":false,"SchemaVersion":0,"StringifyValues":true},{"Type":"Branch","FlowID":"FL_7","Description":"New Branch","BranchLogic":{"0":{"0":{"LogicType":"EmbeddedField","LeftOperand":"action.treatment","Operator":"EqualTo","RightOperand":"1","_HiddenExpression":false,"Type":"Expression","Description":"<span class=\"ConjDesc\">If<\/span>  <span class=\"LeftOpDesc\">action.treatment<\/span> <span class=\"OpDesc\">Is Equal to<\/span> <span class=\"RightOpDesc\"> 1 <\/span>"},"Type":"If"},"Type":"BooleanExpression"},"Flow":[{"Type":"Block","ID":"BL_3JZqGjZRCmw0XA1","FlowID":"FL_2"},{"Type":"WebService","FlowID":"FL_23","URL":"http:\/\/strm.mnds.org:8080\/setreward\/3c9d80a4a0","Method":"GET","RequestParams":[{"key":"key","value":"3bcde858f6"},{"key":"action","value":"{\"treatment\":1}"},{"key":"reward","value":"{\"finished\":1}"}],"EditBodyParams":[],"Body":[],"ContentType":"application\/x-www-form-urlencoded","Headers":[],"ResponseMap":[{"key":"","value":"Set a Value Now"}],"FireAndForget":false,"SchemaVersion":0,"StringifyValues":true},{"Type":"EndSurvey","FlowID":"FL_22"}]},{"Type":"Branch","FlowID":"FL_11","Description":"New Branch","BranchLogic":{"0":{"0":{"LogicType":"EmbeddedField","LeftOperand":"action.treatment","Operator":"EqualTo","RightOperand":"2","_HiddenExpression":false,"Type":"Expression","Description":"<span class=\"ConjDesc\">If<\/span>  <span class=\"LeftOpDesc\">action.treatment<\/span> <span class=\"OpDesc\">Is Equal to<\/span> <span class=\"RightOpDesc\"> 2 <\/span>"},"Type":"If"},"Type":"BooleanExpression"},"Flow":[{"Type":"Block","ID":"BL_869Iir3oTfkiSah","FlowID":"FL_15"},{"Type":"WebService","FlowID":"FL_25","URL":"http:\/\/strm.mnds.org:8080\/setreward\/3c9d80a4a0","Method":"GET","RequestParams":[{"key":"key","value":"3bcde858f6"},{"key":"action","value":"{\"treatment\":2}"},{"key":"reward","value":"{\"finished\":1}"}],"EditBodyParams":[],"Body":[],"ContentType":"application\/x-www-form-urlencoded","Headers":[],"ResponseMap":[],"FireAndForget":false,"SchemaVersion":0,"StringifyValues":true},{"Type":"EndSurvey","FlowID":"FL_24"}]}],"Properties":{"Count":29,"RemovedFieldsets":[]}}},{"SurveyID":"SV_39lltZt665L86Gh","Element":"SO","PrimaryAttribute":"Survey Options","SecondaryAttribute":null,"TertiaryAttribute":null,"Payload":{"BackButton":"false","SaveAndContinue":"true","SurveyProtection":"PublicSurvey","BallotBoxStuffingPrevention":"false","NoIndex":"Yes","SecureResponseFiles":"true","SurveyExpiration":"None","SurveyTermination":"DefaultMessage","Header":"<link rel=\"stylesheet\" type=\"text\/css\" href=\"https:\/\/cdnjs.cloudflare.com\/ajax\/libs\/pikaday\/1.6.1\/css\/pikaday.min.css\"> <script src=\"https:\/\/cdnjs.cloudflare.com\/ajax\/libs\/pikaday\/1.6.1\/pikaday.min.js\"><\/script>","Footer":"","ProgressBarDisplay":"None","PartialData":"+1 week","ValidationMessage":"","PreviousButton":" \u2190 ","NextButton":" \u2192 ","SurveyTitle":"Online Survey Software | Qualtrics Survey Solutions","SkinLibrary":"tilburgss","SkinType":"MQ","Skin":"skin1_new","NewScoring":1,"CustomStyles":{"customCSS":""},"ProtectSelectionIds":true,"SurveyName":"2. Between subjects with balancing"}},{"SurveyID":"SV_39lltZt665L86Gh","Element":"SCO","PrimaryAttribute":"Scoring","SecondaryAttribute":null,"TertiaryAttribute":null,"Payload":{"ScoringCategories":[],"ScoringCategoryGroups":[],"ScoringSummaryCategory":null,"ScoringSummaryAfterQuestions":0,"ScoringSummaryAfterSurvey":0,"DefaultScoringCategory":null,"AutoScoringCategory":null}},{"SurveyID":"SV_39lltZt665L86Gh","Element":"PROJ","PrimaryAttribute":"CORE","SecondaryAttribute":null,"TertiaryAttribute":"1.1.0","Payload":{"ProjectCategory":"CORE","SchemaVersion":"1.1.0"}},{"SurveyID":"SV_39lltZt665L86Gh","Element":"STAT","PrimaryAttribute":"Survey Statistics","SecondaryAttribute":null,"TertiaryAttribute":null,"Payload":{"MobileCompatible":true,"ID":"Survey Statistics"}},{"SurveyID":"SV_39lltZt665L86Gh","Element":"QC","PrimaryAttribute":"Survey Question Count","SecondaryAttribute":"6","TertiaryAttribute":null,"Payload":null},{"SurveyID":"SV_39lltZt665L86Gh","Element":"RS","PrimaryAttribute":"RS_50WRrtMW7Oh5kd7","SecondaryAttribute":"Default Response Set","TertiaryAttribute":null,"Payload":null},{"SurveyID":"SV_39lltZt665L86Gh","Element":"SQ","PrimaryAttribute":"QID3","SecondaryAttribute":"Introduction to this 2 by 2 design test. You are randomly put in the first group by StreamingBandit.","TertiaryAttribute":null,"Payload":{"QuestionText":"Introduction to this 2 by 2 design test. You are randomly put in the first group by StreamingBandit.","DefaultChoices":false,"DataExportTag":"Q1","QuestionType":"DB","Selector":"TB","Configuration":{"QuestionDescriptionOption":"UseText"},"QuestionDescription":"Introduction to this 2 by 2 design test. You are randomly put in the first group by StreamingBandit.","ChoiceOrder":[],"Validation":{"Settings":{"Type":"None"}},"GradingData":[],"Language":[],"NextChoiceId":4,"NextAnswerId":1,"QuestionID":"QID3","QuestionJS":"Qualtrics.SurveyEngine.addOnload(function()\n{\n\tvar Httpreq = new XMLHttpRequest(); \/\/ a new request\n    Httpreq.open(\"GET\",\"http:\/\/78.47.130.66:8080\/getaction\/3c9d80a4a0?key=3bcde858f6\",false);\n    Httpreq.send(null);\n    var json_obj = JSON.parse(Httpreq.responseText);\n\ts.innerHTML = json_obj;  \n});\n\nQualtrics.SurveyEngine.addOnReady(function()\n{\n\t\/*Place your JavaScript here to run when the page is fully displayed*\/\n\n});\n\nQualtrics.SurveyEngine.addOnUnload(function()\n{\n\t\/*Place your JavaScript here to run when the page is unloaded*\/\n\n});","DataVisibility":{"Private":false,"Hidden":false}}},{"SurveyID":"SV_39lltZt665L86Gh","Element":"SQ","PrimaryAttribute":"QID6","SecondaryAttribute":"Introduction to this 2 by 2 design test. You are randomly put in the fourth group by StreamingBan...","TertiaryAttribute":null,"Payload":{"QuestionText":"<div>Introduction to this 2 by 2 design test. You are randomly put in the fourth<\/div><div> group by StreamingBandit.<\/div>","DefaultChoices":false,"DataExportTag":"Q6","QuestionType":"DB","Selector":"TB","Configuration":{"QuestionDescriptionOption":"UseText"},"QuestionDescription":"Introduction to this 2 by 2 design test. You are randomly put in the fourth group by StreamingBan...","ChoiceOrder":[],"Validation":{"Settings":{"Type":"None"}},"GradingData":[],"Language":[],"NextChoiceId":4,"NextAnswerId":1,"QuestionID":"QID6"}},{"SurveyID":"SV_39lltZt665L86Gh","Element":"SQ","PrimaryAttribute":"QID4","SecondaryAttribute":"Introduction to this 2 by 2 design test. You are randomly put in the second group by StreamingBan...","TertiaryAttribute":null,"Payload":{"QuestionText":"<div>Introduction to this 2 by 2 design test. You are randomly put in the second<\/div><div> group by StreamingBandit.<\/div>","DefaultChoices":false,"DataExportTag":"Q4","QuestionType":"DB","Selector":"TB","Configuration":{"QuestionDescriptionOption":"UseText"},"QuestionDescription":"Introduction to this 2 by 2 design test. You are randomly put in the second group by StreamingBan...","ChoiceOrder":[],"Validation":{"Settings":{"Type":"None"}},"GradingData":[],"Language":[],"NextChoiceId":4,"NextAnswerId":1,"QuestionID":"QID4"}},{"SurveyID":"SV_39lltZt665L86Gh","Element":"SQ","PrimaryAttribute":"QID5","SecondaryAttribute":"Introduction to this 2 by 2 design test. You are randomly put in the third group by StreamingBandit.","TertiaryAttribute":null,"Payload":{"QuestionText":"<div>Introduction to this 2 by 2 design test. You are randomly put in the third<\/div><div> group by StreamingBandit.<\/div>","DefaultChoices":false,"DataExportTag":"Q5","QuestionType":"DB","Selector":"TB","Configuration":{"QuestionDescriptionOption":"UseText"},"QuestionDescription":"Introduction to this 2 by 2 design test. You are randomly put in the third group by StreamingBandit.","ChoiceOrder":[],"Validation":{"Settings":{"Type":"None"}},"GradingData":[],"Language":[],"NextChoiceId":4,"NextAnswerId":1,"QuestionID":"QID5"}}]}