{"SurveyEntry":{"SurveyID":"SV_0P8NCbm9YzqQwu1","SurveyName":"4. Thompson sampling to increase estimation precision","SurveyDescription":null,"SurveyOwnerID":"UR_aibMqiB7Sj1juhT","SurveyBrandID":"tilburgss","DivisionID":null,"SurveyLanguage":"EN","SurveyActiveResponseSet":"RS_3dCDZX4DD4p99Ih","SurveyStatus":"Inactive","SurveyStartDate":"0000-00-00 00:00:00","SurveyExpirationDate":"0000-00-00 00:00:00","SurveyCreationDate":"2020-02-28 05:55:10","CreatorID":"UR_aibMqiB7Sj1juhT","LastModified":"2020-08-13 03:44:17","LastAccessed":"0000-00-00 00:00:00","LastActivated":"0000-00-00 00:00:00","Deleted":null},"SurveyElements":[{"SurveyID":"SV_0P8NCbm9YzqQwu1","Element":"BL","PrimaryAttribute":"Survey Blocks","SecondaryAttribute":null,"TertiaryAttribute":null,"Payload":[{"Type":"Default","Description":"Control","ID":"BL_3JZqGjZRCmw0XA1","BlockElements":[{"Type":"Question","QuestionID":"QID3"},{"Type":"Question","QuestionID":"QID8"}],"Options":{"BlockLocking":"false","RandomizeQuestions":"false","BlockVisibility":"Expanded"}},{"Type":"Trash","Description":"Trash \/ Unused Questions","ID":"BL_b7sPVYcuVatpZop","BlockElements":[{"Type":"Question","QuestionID":"QID5"},{"Type":"Question","QuestionID":"QID6"},{"Type":"Question","QuestionID":"QID7"}],"Options":{"BlockLocking":"false","RandomizeQuestions":"false","BlockVisibility":"Expanded"}},{"Type":"Standard","SubType":"","Description":"Treatment","ID":"BL_869Iir3oTfkiSah","BlockElements":[{"Type":"Question","QuestionID":"QID4"},{"Type":"Question","QuestionID":"QID9"}]}]},{"SurveyID":"SV_0P8NCbm9YzqQwu1","Element":"FL","PrimaryAttribute":"Survey Flow","SecondaryAttribute":null,"TertiaryAttribute":null,"Payload":{"Type":"Root","FlowID":"FL_1","Flow":[{"Type":"EmbeddedData","FlowID":"FL_30","EmbeddedData":[{"Description":"key","Type":"Custom","Field":"key","VariableType":"Scale","DataVisibility":[],"Value":"1b0db143b2"}]},{"Type":"WebService","FlowID":"FL_6","URL":"http:\/\/78.47.130.66:8080\/getaction\/12b9048058","Method":"GET","RequestParams":[{"key":"key","value":"${e:\/\/Field\/key}"}],"EditBodyParams":[],"Body":[],"ContentType":"application\/x-www-form-urlencoded","Headers":[],"ResponseMap":[{"key":"action.treatment","value":"action.treatment"}],"FireAndForget":false,"SchemaVersion":0,"StringifyValues":true},{"Type":"Branch","FlowID":"FL_7","Description":"New Branch","BranchLogic":{"0":{"0":{"LogicType":"EmbeddedField","LeftOperand":"action.treatment","Operator":"EqualTo","RightOperand":"control","_HiddenExpression":false,"Type":"Expression","Description":"<span class=\"ConjDesc\">If<\/span>  <span class=\"LeftOpDesc\">action.treatment<\/span> <span class=\"OpDesc\">Is Equal to<\/span> <span class=\"RightOpDesc\"> control <\/span>"},"Type":"If"},"Type":"BooleanExpression"},"Flow":[{"Type":"Block","ID":"BL_3JZqGjZRCmw0XA1","FlowID":"FL_2"},{"Type":"WebService","FlowID":"FL_23","URL":"http:\/\/78.47.130.66:8080\/setreward\/12b9048058","Method":"GET","RequestParams":[{"key":"key","value":"${e:\/\/Field\/key}"},{"key":"action","value":"{\"treatment\":\"${e:\/\/Field\/action.treatment}\"}"},{"key":"reward","value":"{\"value\":\"${q:\/\/QID8\/TotalSum}\"}"}],"EditBodyParams":[],"Body":[],"ContentType":"application\/x-www-form-urlencoded","Headers":[],"ResponseMap":[],"FireAndForget":false,"SchemaVersion":0,"StringifyValues":true},{"Type":"EndSurvey","FlowID":"FL_22"}]},{"Type":"Branch","FlowID":"FL_11","Description":"New Branch","BranchLogic":{"0":{"0":{"LogicType":"EmbeddedField","LeftOperand":"action.treatment","Operator":"EqualTo","RightOperand":"treatment","_HiddenExpression":false,"Type":"Expression","Description":"<span class=\"ConjDesc\">If<\/span>  <span class=\"LeftOpDesc\">action.treatment<\/span> <span class=\"OpDesc\">Is Equal to<\/span> <span class=\"RightOpDesc\"> treatment <\/span>"},"Type":"If"},"Type":"BooleanExpression"},"Flow":[{"Type":"Block","ID":"BL_869Iir3oTfkiSah","FlowID":"FL_15"},{"Type":"WebService","FlowID":"FL_25","URL":"http:\/\/78.47.130.66:8080\/setreward\/12b9048058","Method":"GET","RequestParams":[{"key":"key","value":"${e:\/\/Field\/key}"},{"key":"action","value":"{\"treatment\":\"${e:\/\/Field\/action.treatment}\"}"},{"key":"reward","value":"{\"value\":\"${q:\/\/QID9\/TotalSum}\"}"}],"EditBodyParams":[],"Body":[],"ContentType":"application\/x-www-form-urlencoded","Headers":[],"ResponseMap":[],"FireAndForget":false,"SchemaVersion":0,"StringifyValues":true},{"Type":"EndSurvey","FlowID":"FL_24"}]}],"Properties":{"Count":32,"RemovedFieldsets":[]}}},{"SurveyID":"SV_0P8NCbm9YzqQwu1","Element":"SO","PrimaryAttribute":"Survey Options","SecondaryAttribute":null,"TertiaryAttribute":null,"Payload":{"BackButton":"false","SaveAndContinue":"true","SurveyProtection":"PublicSurvey","BallotBoxStuffingPrevention":"false","NoIndex":"Yes","SecureResponseFiles":"true","SurveyExpiration":null,"SurveyTermination":"DefaultMessage","Header":"","Footer":"","ProgressBarDisplay":"None","PartialData":"+1 week","ValidationMessage":null,"PreviousButton":" \u2190 ","NextButton":" \u2192 ","SurveyTitle":"Online Survey Software | Qualtrics Survey Solutions","SkinLibrary":"tilburgss","SkinType":"MQ","Skin":"skin1_new","NewScoring":1,"CustomStyles":{"customCSS":""},"ProtectSelectionIds":true,"EOSMessage":"","ShowExportTags":"false","CollectGeoLocation":"false","SurveyMetaDescription":"Qualtrics sophisticated online survey software solutions make creating online surveys easy. Learn more about Research Suite and get a free account today.","PasswordProtection":"No","AnonymizeResponse":"No","Password":"","RefererCheck":"No","RefererURL":"http:\/\/","UseCustomSurveyLinkCompletedMessage":null,"SurveyLinkCompletedMessage":"","SurveyLinkCompletedMessageLibrary":"","ResponseSummary":"No","EOSMessageLibrary":"","EOSRedirectURL":"https:\/\/","EmailThankYou":"false","ThankYouEmailMessageLibrary":null,"ThankYouEmailMessage":null,"ValidateMessage":"false","ValidationMessageLibrary":null,"InactiveSurvey":"DefaultMessage","PartialDataCloseAfter":"LastActivity","ActiveResponseSet":null,"InactiveMessageLibrary":"","InactiveMessage":"","AvailableLanguages":{"EN":[]},"headerMid":"","SurveyName":"4. Thompson sampling to increase estimation precision"}},{"SurveyID":"SV_0P8NCbm9YzqQwu1","Element":"SCO","PrimaryAttribute":"Scoring","SecondaryAttribute":null,"TertiaryAttribute":null,"Payload":{"ScoringCategories":[],"ScoringCategoryGroups":[],"ScoringSummaryCategory":null,"ScoringSummaryAfterQuestions":0,"ScoringSummaryAfterSurvey":0,"DefaultScoringCategory":null,"AutoScoringCategory":null}},{"SurveyID":"SV_0P8NCbm9YzqQwu1","Element":"PROJ","PrimaryAttribute":"CORE","SecondaryAttribute":null,"TertiaryAttribute":"1.1.0","Payload":{"ProjectCategory":"CORE","SchemaVersion":"1.1.0"}},{"SurveyID":"SV_0P8NCbm9YzqQwu1","Element":"STAT","PrimaryAttribute":"Survey Statistics","SecondaryAttribute":null,"TertiaryAttribute":null,"Payload":{"MobileCompatible":false,"ID":"Survey Statistics"}},{"SurveyID":"SV_0P8NCbm9YzqQwu1","Element":"QC","PrimaryAttribute":"Survey Question Count","SecondaryAttribute":"9","TertiaryAttribute":null,"Payload":null},{"SurveyID":"SV_0P8NCbm9YzqQwu1","Element":"SQ","PrimaryAttribute":"QID7","SecondaryAttribute":"Click to write the question text","TertiaryAttribute":null,"Payload":{"QuestionText":"Click to write the question text","DefaultChoices":false,"DataExportTag":"Q5","QuestionType":"Slider","Selector":"HBAR","Configuration":{"QuestionDescriptionOption":"UseText","CSSliderMin":0,"CSSliderMax":100,"GridLines":10,"NumDecimals":"0","ShowValue":true,"CustomStart":false,"NotApplicable":false,"MobileFirst":true},"QuestionDescription":"Click to write the question text","Choices":{"1":{"Display":"Click to write Choice 1"},"2":{"Display":"Click to write Choice 2"},"3":{"Display":"Click to write Choice 3"}},"ChoiceOrder":["1","2","3"],"Validation":{"Settings":{"ForceResponse":"OFF","ForceResponseType":"ON","Type":"None"}},"GradingData":[],"Language":[],"NextChoiceId":4,"NextAnswerId":1,"Labels":[],"QuestionID":"QID7"}},{"SurveyID":"SV_0P8NCbm9YzqQwu1","Element":"RS","PrimaryAttribute":"RS_3dCDZX4DD4p99Ih","SecondaryAttribute":"Default Response Set","TertiaryAttribute":null,"Payload":null},{"SurveyID":"SV_0P8NCbm9YzqQwu1","Element":"SQ","PrimaryAttribute":"QID6","SecondaryAttribute":"Introduction to this 2 by 2 design test. You are randomly put in the fourth group by StreamingBan...","TertiaryAttribute":null,"Payload":{"QuestionText":"<div>Introduction to this 2 by 2 design test. You are randomly put in the fourth<\/div><div> group by StreamingBandit.<\/div>","DefaultChoices":false,"DataExportTag":"Q6","QuestionType":"DB","Selector":"TB","Configuration":{"QuestionDescriptionOption":"UseText"},"QuestionDescription":"Introduction to this 2 by 2 design test. You are randomly put in the fourth group by StreamingBan...","ChoiceOrder":[],"Validation":{"Settings":{"Type":"None"}},"GradingData":[],"Language":[],"NextChoiceId":4,"NextAnswerId":1,"QuestionID":"QID6"}},{"SurveyID":"SV_0P8NCbm9YzqQwu1","Element":"SQ","PrimaryAttribute":"QID5","SecondaryAttribute":"Introduction to this 2 by 2 design test. You are randomly put in the third group by StreamingBandit.","TertiaryAttribute":null,"Payload":{"QuestionText":"<div>Introduction to this 2 by 2 design test. You are randomly put in the third<\/div><div> group by StreamingBandit.<\/div>","DefaultChoices":false,"DataExportTag":"Q5","QuestionType":"DB","Selector":"TB","Configuration":{"QuestionDescriptionOption":"UseText"},"QuestionDescription":"Introduction to this 2 by 2 design test. You are randomly put in the third group by StreamingBandit.","ChoiceOrder":[],"Validation":{"Settings":{"Type":"None"}},"GradingData":[],"Language":[],"NextChoiceId":4,"NextAnswerId":1,"QuestionID":"QID5"}},{"SurveyID":"SV_0P8NCbm9YzqQwu1","Element":"SQ","PrimaryAttribute":"QID3","SecondaryAttribute":"Introduction to this Thompson sampling survey. You are randomly put in the control group by Strea...","TertiaryAttribute":null,"Payload":{"QuestionText":"Introduction to this Thompson sampling survey. You are randomly put in the control group by StreamingBandit.","DefaultChoices":false,"DataExportTag":"Q1","QuestionType":"DB","Selector":"TB","Configuration":{"QuestionDescriptionOption":"UseText"},"QuestionDescription":"Introduction to this Thompson sampling survey. You are randomly put in the control group by Strea...","ChoiceOrder":[],"Validation":{"Settings":{"Type":"None"}},"GradingData":[],"Language":[],"NextChoiceId":4,"NextAnswerId":1,"QuestionID":"QID3","QuestionJS":"Qualtrics.SurveyEngine.addOnload(function()\n{\n\tvar Httpreq = new XMLHttpRequest(); \/\/ a new request\n    Httpreq.open(\"GET\",\"http:\/\/78.47.130.66:8080\/getaction\/3c9d80a4a0?key=3bcde858f6\",false);\n    Httpreq.send(null);\n    var json_obj = JSON.parse(Httpreq.responseText);\n\ts.innerHTML = json_obj;  \n});\n\nQualtrics.SurveyEngine.addOnReady(function()\n{\n\t\/*Place your JavaScript here to run when the page is fully displayed*\/\n\n});\n\nQualtrics.SurveyEngine.addOnUnload(function()\n{\n\t\/*Place your JavaScript here to run when the page is unloaded*\/\n\n});","DataVisibility":{"Private":false,"Hidden":false}}},{"SurveyID":"SV_0P8NCbm9YzqQwu1","Element":"SQ","PrimaryAttribute":"QID4","SecondaryAttribute":"Introduction to this Thompson sampling survey. You are randomly put in the treatment group by Str...","TertiaryAttribute":null,"Payload":{"QuestionText":"<div>Introduction to this Thompson sampling survey. You are randomly put in the treatment group by StreamingBandit.<\/div>","DefaultChoices":false,"DataExportTag":"Q4","QuestionType":"DB","Selector":"TB","Configuration":{"QuestionDescriptionOption":"UseText"},"QuestionDescription":"Introduction to this Thompson sampling survey. You are randomly put in the treatment group by Str...","ChoiceOrder":[],"Validation":{"Settings":{"Type":"None"}},"GradingData":[],"Language":[],"NextChoiceId":4,"NextAnswerId":1,"QuestionID":"QID4","DataVisibility":{"Private":false,"Hidden":false}}},{"SurveyID":"SV_0P8NCbm9YzqQwu1","Element":"SQ","PrimaryAttribute":"QID8","SecondaryAttribute":"Question that almost everybody agrees with","TertiaryAttribute":null,"Payload":{"DefaultChoices":false,"DataExportTag":"Q6","QuestionType":"Slider","Selector":"HSLIDER","Configuration":{"QuestionDescriptionOption":"UseText","CSSliderMin":0,"CSSliderMax":100,"GridLines":10,"SnapToGrid":false,"NumDecimals":"0","ShowValue":true,"CustomStart":false,"NotApplicable":false,"MobileFirst":true},"Choices":{"1":{"Display":"Agreement"}},"ChoiceOrder":["1"],"Validation":{"Settings":{"ForceResponse":"OFF","ForceResponseType":"ON","Type":"None"}},"GradingData":[],"Language":[],"NextChoiceId":4,"NextAnswerId":1,"Labels":[],"QuestionID":"QID8","QuestionText":"Question that almost everybody agrees with","QuestionDescription":"Question that almost everybody agrees with"}},{"SurveyID":"SV_0P8NCbm9YzqQwu1","Element":"SQ","PrimaryAttribute":"QID9","SecondaryAttribute":"Question that people do not tend to agree on","TertiaryAttribute":null,"Payload":{"QuestionText":"Question that people do not tend to agree on","DefaultChoices":false,"DataExportTag":"Q7","QuestionType":"Slider","Selector":"HSLIDER","Configuration":{"QuestionDescriptionOption":"UseText","CSSliderMin":0,"CSSliderMax":100,"GridLines":10,"SnapToGrid":false,"NumDecimals":"0","ShowValue":true,"CustomStart":true,"NotApplicable":false,"MobileFirst":true,"SliderStartPositions":{"1":0}},"QuestionDescription":"Question that people do not tend to agree on","Choices":{"1":{"Display":"Agreement"}},"ChoiceOrder":["1"],"Validation":{"Settings":{"ForceResponse":"OFF","ForceResponseType":"ON","Type":"None"}},"GradingData":[],"Language":[],"NextChoiceId":4,"NextAnswerId":1,"Labels":[],"QuestionID":"QID9","DataVisibility":{"Private":false,"Hidden":false}}}]}