{"SurveyEntry":{"SurveyID":"SV_dmAVmbRS9y44tKJ","SurveyName":"3. Within","SurveyDescription":null,"SurveyOwnerID":"UR_aibMqiB7Sj1juhT","SurveyBrandID":"tilburgss","DivisionID":null,"SurveyLanguage":"EN","SurveyActiveResponseSet":"RS_7Opug7QiQ5WLwwt","SurveyStatus":"Inactive","SurveyStartDate":"0000-00-00 00:00:00","SurveyExpirationDate":"0000-00-00 00:00:00","SurveyCreationDate":"2020-02-19 03:43:02","CreatorID":"UR_aibMqiB7Sj1juhT","LastModified":"2020-08-13 03:43:55","LastAccessed":"0000-00-00 00:00:00","LastActivated":"0000-00-00 00:00:00","Deleted":null},"SurveyElements":[{"SurveyID":"SV_dmAVmbRS9y44tKJ","Element":"BL","PrimaryAttribute":"Survey Blocks","SecondaryAttribute":null,"TertiaryAttribute":null,"Payload":[{"Type":"Default","Description":"A","ID":"BL_3JZqGjZRCmw0XA1","BlockElements":[{"Type":"Question","QuestionID":"QID3"}],"Options":{"BlockLocking":"false","RandomizeQuestions":"false","BlockVisibility":"Expanded"}},{"Type":"Trash","Description":"Trash \/ Unused Questions","ID":"BL_b7sPVYcuVatpZop","BlockElements":[{"Type":"Question","QuestionID":"QID6"},{"Type":"Question","QuestionID":"QID8"}],"Options":{"BlockLocking":"false","RandomizeQuestions":"false","BlockVisibility":"Expanded"}},{"Type":"Standard","SubType":"","Description":"B","ID":"BL_869Iir3oTfkiSah","BlockElements":[{"Type":"Question","QuestionID":"QID4"}]},{"Type":"Standard","SubType":"","Description":"C","ID":"BL_4ZWkEMtXZih8j9r","BlockElements":[{"Type":"Question","QuestionID":"QID5"}]},{"Type":"Standard","SubType":"","Description":"Introduction","ID":"BL_eLsZz23OxXhYir3","BlockElements":[{"Type":"Question","QuestionID":"QID7"}]},{"Type":"Standard","SubType":"","Description":"Welcome back!","ID":"BL_9ZY9qbVPhjyc86N","BlockElements":[{"Type":"Question","QuestionID":"QID9"}]},{"Type":"Standard","SubType":"","Description":"Your new user ID","ID":"BL_6FroaW7DNopQf41","BlockElements":[{"Type":"Question","QuestionID":"QID10"}]},{"Type":"Standard","SubType":"","Description":"Finished","ID":"BL_5bRJmA23nQuukAJ","BlockElements":[{"Type":"Question","QuestionID":"QID11"}]}]},{"SurveyID":"SV_dmAVmbRS9y44tKJ","Element":"FL","PrimaryAttribute":"Survey Flow","SecondaryAttribute":null,"TertiaryAttribute":null,"Payload":{"Type":"Root","FlowID":"FL_1","Flow":[{"Type":"Block","ID":"BL_eLsZz23OxXhYir3","FlowID":"FL_31"},{"Type":"EmbeddedData","FlowID":"FL_30","EmbeddedData":[{"Description":"key","Type":"Custom","Field":"key","VariableType":"Scale","DataVisibility":[],"Value":"2fe58b4843"},{"Description":"user","Type":"Custom","Field":"user","VariableType":"String","DataVisibility":[],"AnalyzeText":false,"Value":"${q:\/\/QID7\/ChoiceTextEntryValue}"}]},{"Type":"Branch","FlowID":"FL_33","Description":"New Branch","BranchLogic":{"0":{"0":{"LogicType":"Question","QuestionID":"QID7","QuestionIsInLoop":"no","ChoiceLocator":"q:\/\/QID7\/ChoiceTextEntryValue","Operator":"Empty","QuestionIDFromLocator":"QID7","LeftOperand":"q:\/\/QID7\/ChoiceTextEntryValue","Type":"Expression","Description":"<span class=\"ConjDesc\">If<\/span> <span class=\"QuestionDesc\">If you return for a second time, please enter your user ID. If this is your first time, please cl...<\/span> <span class=\"LeftOpDesc\">Text Response<\/span> <span class=\"OpDesc\">Is Empty<\/span> "},"Type":"If"},"Type":"BooleanExpression"},"Flow":[{"Type":"WebService","FlowID":"FL_6","URL":"http:\/\/78.47.130.66:8080\/getaction\/bba4de60c","Method":"GET","RequestParams":[{"key":"key","value":"${e:\/\/Field\/key}"},{"key":"context","value":"{\"user_id\":\"${e:\/\/Field\/user}\"}"}],"EditBodyParams":[],"Body":[],"ContentType":"application\/x-www-form-urlencoded","Headers":[],"ResponseMap":[{"key":"action.treatment","value":"action.treatment"},{"key":"context.user_id","value":"user"}],"FireAndForget":false,"SchemaVersion":0,"StringifyValues":true},{"Type":"Block","ID":"BL_6FroaW7DNopQf41","FlowID":"FL_37"}]},{"Type":"Branch","FlowID":"FL_35","Description":"New Branch","BranchLogic":{"0":{"0":{"LogicType":"Question","QuestionID":"QID7","QuestionIsInLoop":"no","ChoiceLocator":"q:\/\/QID7\/ChoiceTextEntryValue","Operator":"NotEmpty","QuestionIDFromLocator":"QID7","LeftOperand":"q:\/\/QID7\/ChoiceTextEntryValue","Type":"Expression","Description":"<span class=\"ConjDesc\">If<\/span> <span class=\"QuestionDesc\">If you return for a second time, please enter your user ID. If this is your first time, please cl...<\/span> <span class=\"LeftOpDesc\">Text Response<\/span> <span class=\"OpDesc\">Is Not Empty<\/span> "},"Type":"If"},"Type":"BooleanExpression"},"Flow":[{"Type":"WebService","FlowID":"FL_36","URL":"http:\/\/78.47.130.66:8080\/getaction\/bba4de60c","Method":"GET","RequestParams":[{"key":"key","value":"${e:\/\/Field\/key}"},{"key":"context","value":"{\"user_id\":\"${e:\/\/Field\/user}\"}"}],"EditBodyParams":[],"Body":[],"ContentType":"application\/x-www-form-urlencoded","Headers":[],"ResponseMap":[{"key":"action.treatment","value":"action.treatment"},{"key":"context.user_id","value":"user"}],"FireAndForget":false,"SchemaVersion":0,"StringifyValues":true},{"Type":"Branch","FlowID":"FL_7","Description":"New Branch","BranchLogic":{"0":{"0":{"LogicType":"EmbeddedField","LeftOperand":"action.treatment","Operator":"Empty","_HiddenExpression":false,"Type":"Expression","Description":"<span class=\"ConjDesc\">If<\/span>  <span class=\"LeftOpDesc\">action.treatment<\/span> <span class=\"OpDesc\">Is Empty<\/span> "},"1":{"LogicType":"EmbeddedField","LeftOperand":"action.treatment","Operator":"EqualTo","RightOperand":"wrong_id","_HiddenExpression":false,"Type":"Expression","Description":"<span class=\"ConjDesc\">Or<\/span>  <span class=\"LeftOpDesc\">action.treatment<\/span> <span class=\"OpDesc\">Is Equal to<\/span> <span class=\"RightOpDesc\"> wrong_id <\/span>","Conjuction":"Or"},"Type":"If"},"Type":"BooleanExpression"},"Flow":[{"Type":"EndSurvey","FlowID":"FL_22"}]},{"Type":"Block","ID":"BL_9ZY9qbVPhjyc86N","FlowID":"FL_40"}]},{"Type":"Branch","FlowID":"FL_45","Description":"New Branch","BranchLogic":{"0":{"0":{"LogicType":"EmbeddedField","LeftOperand":"action.treatment","Operator":"EqualTo","RightOperand":"A","_HiddenExpression":false,"Type":"Expression","Description":"<span class=\"ConjDesc\">If<\/span>  <span class=\"LeftOpDesc\">action.treatment<\/span> <span class=\"OpDesc\">Is Equal to<\/span> <span class=\"RightOpDesc\"> A <\/span>"},"Type":"If"},"Type":"BooleanExpression"},"Flow":[{"Type":"Block","ID":"BL_3JZqGjZRCmw0XA1","FlowID":"FL_46"},{"Type":"WebService","FlowID":"FL_47","URL":"http:\/\/78.47.130.66:8080\/setreward\/bba4de60c","Method":"GET","RequestParams":[{"key":"key","value":"${e:\/\/Field\/key}"},{"key":"action","value":"{\"treatment\":\"${e:\/\/Field\/action.treatment}\"}"},{"key":"context","value":"{\"user_id\":\"${e:\/\/Field\/user}\"}"},{"key":"reward","value":"{\"finished\":1}"}],"EditBodyParams":[],"Body":[],"ContentType":"application\/x-www-form-urlencoded","Headers":[],"ResponseMap":[],"FireAndForget":false,"SchemaVersion":0,"StringifyValues":true},{"Type":"EndSurvey","FlowID":"FL_48"}]},{"Type":"Branch","FlowID":"FL_11","Description":"New Branch","BranchLogic":{"0":{"0":{"LogicType":"EmbeddedField","LeftOperand":"action.treatment","Operator":"EqualTo","RightOperand":"B","_HiddenExpression":false,"Type":"Expression","Description":"<span class=\"ConjDesc\">If<\/span>  <span class=\"LeftOpDesc\">action.treatment<\/span> <span class=\"OpDesc\">Is Equal to<\/span> <span class=\"RightOpDesc\"> B <\/span>"},"Type":"If"},"Type":"BooleanExpression"},"Flow":[{"Type":"Block","ID":"BL_869Iir3oTfkiSah","FlowID":"FL_15"},{"Type":"WebService","FlowID":"FL_41","URL":"http:\/\/78.47.130.66:8080\/setreward\/bba4de60c","Method":"GET","RequestParams":[{"key":"key","value":"${e:\/\/Field\/key}"},{"key":"action","value":"{\"treatment\":\"${e:\/\/Field\/action.treatment}\"}"},{"key":"context","value":"{\"user_id\":\"${e:\/\/Field\/user}\"}"},{"key":"reward","value":"{\"finished\":1}"}],"EditBodyParams":[],"Body":[],"ContentType":"application\/x-www-form-urlencoded","Headers":[],"ResponseMap":[],"FireAndForget":false,"SchemaVersion":0,"StringifyValues":true},{"Type":"EndSurvey","FlowID":"FL_24"}]},{"Type":"Branch","FlowID":"FL_10","Description":"New Branch","BranchLogic":{"0":{"0":{"LogicType":"EmbeddedField","LeftOperand":"action.treatment","Operator":"EqualTo","RightOperand":"C","_HiddenExpression":false,"Type":"Expression","Description":"<span class=\"ConjDesc\">If<\/span>  <span class=\"LeftOpDesc\">action.treatment<\/span> <span class=\"OpDesc\">Is Equal to<\/span> <span class=\"RightOpDesc\"> C <\/span>"},"Type":"If"},"Type":"BooleanExpression"},"Flow":[{"Type":"Block","ID":"BL_4ZWkEMtXZih8j9r","FlowID":"FL_16"},{"Type":"WebService","FlowID":"FL_42","URL":"http:\/\/78.47.130.66:8080\/setreward\/bba4de60c","Method":"GET","RequestParams":[{"key":"key","value":"${e:\/\/Field\/key}"},{"key":"action","value":"{\"treatment\":\"${e:\/\/Field\/action.treatment}\"}"},{"key":"context","value":"{\"user_id\":\"${e:\/\/Field\/user}\"}"},{"key":"reward","value":"{\"finished\":1}"}],"EditBodyParams":[],"Body":[],"ContentType":"application\/x-www-form-urlencoded","Headers":[],"ResponseMap":[],"FireAndForget":false,"SchemaVersion":0,"StringifyValues":true},{"Type":"EndSurvey","FlowID":"FL_26"}]},{"Type":"Branch","FlowID":"FL_52","Description":"New Branch","BranchLogic":{"0":{"0":{"LogicType":"EmbeddedField","LeftOperand":"action.treatment","Operator":"EqualTo","RightOperand":"finished","_HiddenExpression":false,"Type":"Expression","Description":"<span class=\"ConjDesc\">If<\/span>  <span class=\"LeftOpDesc\">action.treatment<\/span> <span class=\"OpDesc\">Is Equal to<\/span> <span class=\"RightOpDesc\"> finished <\/span>"},"Type":"If"},"Type":"BooleanExpression"},"Flow":[{"Type":"Block","ID":"BL_5bRJmA23nQuukAJ","FlowID":"FL_57"},{"Type":"EndSurvey","FlowID":"FL_55"}]}],"Properties":{"Count":57,"RemovedFieldsets":[]}}},{"SurveyID":"SV_dmAVmbRS9y44tKJ","Element":"SO","PrimaryAttribute":"Survey Options","SecondaryAttribute":null,"TertiaryAttribute":null,"Payload":{"BackButton":"false","SaveAndContinue":"true","SurveyProtection":"PublicSurvey","BallotBoxStuffingPrevention":"false","NoIndex":"Yes","SecureResponseFiles":"true","SurveyExpiration":null,"SurveyTermination":"DefaultMessage","Header":"","Footer":"","ProgressBarDisplay":"None","PartialData":"+1 week","ValidationMessage":null,"PreviousButton":" \u2190 ","NextButton":" \u2192 ","SurveyTitle":"Online Survey Software | Qualtrics Survey Solutions","SkinLibrary":"tilburgss","SkinType":"MQ","Skin":"skin1_new","NewScoring":1,"CustomStyles":{"customCSS":""},"ProtectSelectionIds":true,"EOSMessage":"","ShowExportTags":"false","CollectGeoLocation":"false","SurveyMetaDescription":"Qualtrics sophisticated online survey software solutions make creating online surveys easy. Learn more about Research Suite and get a free account today.","PasswordProtection":"No","AnonymizeResponse":"No","Password":"","RefererCheck":"No","RefererURL":"http:\/\/","UseCustomSurveyLinkCompletedMessage":null,"SurveyLinkCompletedMessage":"","SurveyLinkCompletedMessageLibrary":"","ResponseSummary":"No","EOSMessageLibrary":"","EOSRedirectURL":"https:\/\/","EmailThankYou":"false","ThankYouEmailMessageLibrary":null,"ThankYouEmailMessage":null,"ValidateMessage":"false","ValidationMessageLibrary":null,"InactiveSurvey":"DefaultMessage","PartialDataCloseAfter":"LastActivity","ActiveResponseSet":null,"InactiveMessageLibrary":"","InactiveMessage":"","AvailableLanguages":{"EN":[]},"headerMid":"","SurveyName":"3. Within"}},{"SurveyID":"SV_dmAVmbRS9y44tKJ","Element":"SCO","PrimaryAttribute":"Scoring","SecondaryAttribute":null,"TertiaryAttribute":null,"Payload":{"ScoringCategories":[],"ScoringCategoryGroups":[],"ScoringSummaryCategory":null,"ScoringSummaryAfterQuestions":0,"ScoringSummaryAfterSurvey":0,"DefaultScoringCategory":null,"AutoScoringCategory":null}},{"SurveyID":"SV_dmAVmbRS9y44tKJ","Element":"PROJ","PrimaryAttribute":"CORE","SecondaryAttribute":null,"TertiaryAttribute":"1.1.0","Payload":{"ProjectCategory":"CORE","SchemaVersion":"1.1.0"}},{"SurveyID":"SV_dmAVmbRS9y44tKJ","Element":"STAT","PrimaryAttribute":"Survey Statistics","SecondaryAttribute":null,"TertiaryAttribute":null,"Payload":{"MobileCompatible":true,"ID":"Survey Statistics"}},{"SurveyID":"SV_dmAVmbRS9y44tKJ","Element":"QC","PrimaryAttribute":"Survey Question Count","SecondaryAttribute":"11","TertiaryAttribute":null,"Payload":null},{"SurveyID":"SV_dmAVmbRS9y44tKJ","Element":"SQ","PrimaryAttribute":"QID8","SecondaryAttribute":"Click to write the question text","TertiaryAttribute":null,"Payload":{"QuestionText":"Click to write the question text","DataExportTag":"Q6","QuestionType":"MC","Selector":"SAVR","SubSelector":"TX","Configuration":{"QuestionDescriptionOption":"UseText"},"QuestionDescription":"Click to write the question text","Choices":{"1":{"Display":"Click to write Choice 1"},"2":{"Display":"Click to write Choice 2"},"3":{"Display":"Click to write Choice 3"}},"ChoiceOrder":["1","2","3"],"Validation":{"Settings":{"ForceResponse":"OFF","ForceResponseType":"ON","Type":"None"}},"Language":[],"NextChoiceId":4,"NextAnswerId":1,"QuestionID":"QID8"}},{"SurveyID":"SV_dmAVmbRS9y44tKJ","Element":"RS","PrimaryAttribute":"RS_7Opug7QiQ5WLwwt","SecondaryAttribute":"Default Response Set","TertiaryAttribute":null,"Payload":null},{"SurveyID":"SV_dmAVmbRS9y44tKJ","Element":"SQ","PrimaryAttribute":"QID10","SecondaryAttribute":"For future reference, your user ID is: ${e:\/\/Field\/user}.","TertiaryAttribute":null,"Payload":{"QuestionText":"For future reference, your user ID is: ${e:\/\/Field\/user}.","DefaultChoices":false,"DataExportTag":"Q8","QuestionType":"DB","Selector":"TB","Configuration":{"QuestionDescriptionOption":"UseText"},"QuestionDescription":"For future reference, your user ID is: ${e:\/\/Field\/user}.","ChoiceOrder":[],"Validation":{"Settings":{"Type":"None"}},"GradingData":[],"Language":[],"NextChoiceId":4,"NextAnswerId":1,"QuestionID":"QID10"}},{"SurveyID":"SV_dmAVmbRS9y44tKJ","Element":"SQ","PrimaryAttribute":"QID7","SecondaryAttribute":"If you return for a second time, please enter your user ID. If this is your first time, please cl...","TertiaryAttribute":null,"Payload":{"QuestionText":"If you return for a second time, please enter your user ID. If this is your first time, please click next and you will be given a new user ID.","DefaultChoices":false,"DataExportTag":"","QuestionType":"TE","Selector":"SL","Configuration":{"QuestionDescriptionOption":"UseText"},"QuestionDescription":"If you return for a second time, please enter your user ID. If this is your first time, please cl...","Validation":{"Settings":{"ForceResponse":"OFF","ForceResponseType":"ON","Type":"None"}},"GradingData":[],"Language":[],"NextChoiceId":4,"NextAnswerId":1,"SearchSource":{"AllowFreeResponse":"false"},"QuestionID":"QID7","DataVisibility":{"Private":false,"Hidden":false}}},{"SurveyID":"SV_dmAVmbRS9y44tKJ","Element":"SQ","PrimaryAttribute":"QID3","SecondaryAttribute":"Introduction to this 2 by 2 design test. You are randomly put in the first group by StreamingBandit.","TertiaryAttribute":null,"Payload":{"QuestionText":"Introduction to this 2 by 2 design test. You are randomly put in the first group by StreamingBandit.","DefaultChoices":false,"DataExportTag":"Q1","QuestionType":"DB","Selector":"TB","Configuration":{"QuestionDescriptionOption":"UseText"},"QuestionDescription":"Introduction to this 2 by 2 design test. You are randomly put in the first group by StreamingBandit.","ChoiceOrder":[],"Validation":{"Settings":{"Type":"None"}},"GradingData":[],"Language":[],"NextChoiceId":4,"NextAnswerId":1,"QuestionID":"QID3","QuestionJS":"Qualtrics.SurveyEngine.addOnload(function()\n{\n\tvar Httpreq = new XMLHttpRequest(); \/\/ a new request\n    Httpreq.open(\"GET\",\"http:\/\/78.47.130.66:8080\/getaction\/3c9d80a4a0?key=3bcde858f6\",false);\n    Httpreq.send(null);\n    var json_obj = JSON.parse(Httpreq.responseText);\n\ts.innerHTML = json_obj;  \n});\n\nQualtrics.SurveyEngine.addOnReady(function()\n{\n\t\/*Place your JavaScript here to run when the page is fully displayed*\/\n\n});\n\nQualtrics.SurveyEngine.addOnUnload(function()\n{\n\t\/*Place your JavaScript here to run when the page is unloaded*\/\n\n});","DataVisibility":{"Private":false,"Hidden":false}}},{"SurveyID":"SV_dmAVmbRS9y44tKJ","Element":"SQ","PrimaryAttribute":"QID6","SecondaryAttribute":"Introduction to this 2 by 2 design test. You are randomly put in the fourth group by StreamingBan...","TertiaryAttribute":null,"Payload":{"QuestionText":"<div>Introduction to this 2 by 2 design test. You are randomly put in the fourth<\/div><div> group by StreamingBandit.<\/div>","DefaultChoices":false,"DataExportTag":"Q6","QuestionType":"DB","Selector":"TB","Configuration":{"QuestionDescriptionOption":"UseText"},"QuestionDescription":"Introduction to this 2 by 2 design test. You are randomly put in the fourth group by StreamingBan...","ChoiceOrder":[],"Validation":{"Settings":{"Type":"None"}},"GradingData":[],"Language":[],"NextChoiceId":4,"NextAnswerId":1,"QuestionID":"QID6"}},{"SurveyID":"SV_dmAVmbRS9y44tKJ","Element":"SQ","PrimaryAttribute":"QID4","SecondaryAttribute":"Introduction to this 2 by 2 design test. You are randomly put in the second group by StreamingBan...","TertiaryAttribute":null,"Payload":{"QuestionText":"<div>Introduction to this 2 by 2 design test. You are randomly put in the second<\/div><div> group by StreamingBandit.<\/div>","DefaultChoices":false,"DataExportTag":"Q4","QuestionType":"DB","Selector":"TB","Configuration":{"QuestionDescriptionOption":"UseText"},"QuestionDescription":"Introduction to this 2 by 2 design test. You are randomly put in the second group by StreamingBan...","ChoiceOrder":[],"Validation":{"Settings":{"Type":"None"}},"GradingData":[],"Language":[],"NextChoiceId":4,"NextAnswerId":1,"QuestionID":"QID4"}},{"SurveyID":"SV_dmAVmbRS9y44tKJ","Element":"SQ","PrimaryAttribute":"QID5","SecondaryAttribute":"Introduction to this 2 by 2 design test. You are randomly put in the third group by StreamingBandit.","TertiaryAttribute":null,"Payload":{"QuestionText":"<div>Introduction to this 2 by 2 design test. You are randomly put in the third<\/div><div> group by StreamingBandit.<\/div>","DefaultChoices":false,"DataExportTag":"Q5","QuestionType":"DB","Selector":"TB","Configuration":{"QuestionDescriptionOption":"UseText"},"QuestionDescription":"Introduction to this 2 by 2 design test. You are randomly put in the third group by StreamingBandit.","ChoiceOrder":[],"Validation":{"Settings":{"Type":"None"}},"GradingData":[],"Language":[],"NextChoiceId":4,"NextAnswerId":1,"QuestionID":"QID5"}},{"SurveyID":"SV_dmAVmbRS9y44tKJ","Element":"SQ","PrimaryAttribute":"QID11","SecondaryAttribute":"You have already done all the tests, thank you!","TertiaryAttribute":null,"Payload":{"QuestionText":"You have already done all the tests, thank you!","DefaultChoices":false,"DataExportTag":"Q9","QuestionType":"DB","Selector":"TB","Configuration":{"QuestionDescriptionOption":"UseText"},"QuestionDescription":"You have already done all the tests, thank you!","ChoiceOrder":[],"Validation":{"Settings":{"Type":"None"}},"GradingData":[],"Language":[],"NextChoiceId":4,"NextAnswerId":1,"QuestionID":"QID11"}},{"SurveyID":"SV_dmAVmbRS9y44tKJ","Element":"SQ","PrimaryAttribute":"QID9","SecondaryAttribute":"You have used user ID: ${e:\/\/Field\/user}. Welcome back!","TertiaryAttribute":null,"Payload":{"QuestionText":"You have used user ID: ${e:\/\/Field\/user}. Welcome back!","DefaultChoices":false,"DataExportTag":"Q7","QuestionType":"DB","Selector":"TB","Configuration":{"QuestionDescriptionOption":"UseText"},"QuestionDescription":"You have used user ID: ${e:\/\/Field\/user}. Welcome back!","ChoiceOrder":[],"Validation":{"Settings":{"Type":"None"}},"GradingData":[],"Language":[],"NextChoiceId":4,"NextAnswerId":1,"QuestionID":"QID9"}}]}